
Microsoft Visual Studio Solution File, Format Version 12.00
# Visual Studio Version 16
VisualStudioVersion = 16.0.30804.86
MinimumVisualStudioVersion = 10.0.40219.1
Project("{FAE04EC0-301F-11D3-BF4B-00C04F79EFBC}") = "413Final", "413Final.csproj", "{67E8D3D3-3438-4B2A-91D6-279D89430B58}"
EndProject
Global
	GlobalSection(SolutionConfigurationPlatforms) = preSolution
		Debug|Any CPU = Debug|Any CPU
		Release|Any CPU = Release|Any CPU
	EndGlobalSection
	GlobalSection(ProjectConfigurationPlatforms) = postSolution
		{67E8D3D3-3438-4B2A-91D6-279D89430B58}.Debug|Any CPU.ActiveCfg = Debug|Any CPU
		{67E8D3D3-3438-4B2A-91D6-279D89430B58}.Debug|Any CPU.Build.0 = Debug|Any CPU
		{67E8D3D3-3438-4B2A-91D6-279D89430B58}.Release|Any CPU.ActiveCfg = Release|Any CPU
		{67E8D3D3-3438-4B2A-91D6-279D89430B58}.Release|Any CPU.Build.0 = Release|Any CPU
	EndGlobalSection
	GlobalSection(SolutionProperties) = preSolution
		HideSolutionNode = FALSE
	EndGlobalSection
	GlobalSection(ExtensibilityGlobals) = postSolution
		SolutionGuid = {7A5B0BBD-EAF6-4245-A134-167203DB7D3F}
	EndGlobalSection
EndGlobal
